
Microsoft Visual Studio Solution File, Format Version 12.00
# Visual Studio Version 16
VisualStudioVersion = 16.0.29318.209
MinimumVisualStudioVersion = 10.0.40219.1
Project("{FAE04EC0-301F-11D3-BF4B-00C04F79EFBC}") = "SQLDocker.Data", "SQLDocker.Data\SQLDocker.Data.csproj", "{D29370E8-B34A-4786-9D28-7DD191D75C67}"
EndProject
Project("{FAE04EC0-301F-11D3-BF4B-00C04F79EFBC}") = "SQLDocker.Web", "SQLDocker.Web\SQLDocker.Web.csproj", "{62CC7FC1-75C5-45EA-ABC4-5221B214A0D2}"
EndProject
Project("{E53339B2-1760-4266-BCC7-CA923CBCF16C}") = "docker-compose", "docker-compose.dcproj", "{3473A9E3-5613-4126-9D92-3F7A2EF6C39F}"
EndProject
Global
	GlobalSection(SolutionConfigurationPlatforms) = preSolution
		Debug|Any CPU = Debug|Any CPU
		Release|Any CPU = Release|Any CPU
	EndGlobalSection
	GlobalSection(ProjectConfigurationPlatforms) = postSolution
		{D29370E8-B34A-4786-9D28-7DD191D75C67}.Debug|Any CPU.ActiveCfg = Debug|Any CPU
		{D29370E8-B34A-4786-9D28-7DD191D75C67}.Debug|Any CPU.Build.0 = Debug|Any CPU
		{D29370E8-B34A-4786-9D28-7DD191D75C67}.Release|Any CPU.ActiveCfg = Release|Any CPU
		{D29370E8-B34A-4786-9D28-7DD191D75C67}.Release|Any CPU.Build.0 = Release|Any CPU
		{62CC7FC1-75C5-45EA-ABC4-5221B214A0D2}.Debug|Any CPU.ActiveCfg = Debug|Any CPU
		{62CC7FC1-75C5-45EA-ABC4-5221B214A0D2}.Debug|Any CPU.Build.0 = Debug|Any CPU
		{62CC7FC1-75C5-45EA-ABC4-5221B214A0D2}.Release|Any CPU.ActiveCfg = Release|Any CPU
		{62CC7FC1-75C5-45EA-ABC4-5221B214A0D2}.Release|Any CPU.Build.0 = Release|Any CPU
		{3473A9E3-5613-4126-9D92-3F7A2EF6C39F}.Debug|Any CPU.ActiveCfg = Debug|Any CPU
		{3473A9E3-5613-4126-9D92-3F7A2EF6C39F}.Debug|Any CPU.Build.0 = Debug|Any CPU
		{3473A9E3-5613-4126-9D92-3F7A2EF6C39F}.Release|Any CPU.ActiveCfg = Release|Any CPU
		{3473A9E3-5613-4126-9D92-3F7A2EF6C39F}.Release|Any CPU.Build.0 = Release|Any CPU
	EndGlobalSection
	GlobalSection(SolutionProperties) = preSolution
		HideSolutionNode = FALSE
	EndGlobalSection
	GlobalSection(ExtensibilityGlobals) = postSolution
		SolutionGuid = {129A399F-8315-4C23-86CB-CC0799C4EFFD}
	EndGlobalSection
EndGlobal
